{
  "version": 4,
  "terraform_version": "1.5.7",
  "serial": 3,
  "lineage": "86eac664-8569-a139-b90b-bb0dc024a16b",
  "outputs": {
    "mypublicIp": {
      "value": "3.93.147.185",
      "type": "string"
    }
  },
  "resources": [
    {
      "module": "module.webServer",
      "mode": "managed",
      "type": "aws_instance",
      "name": "web",
      "provider": "provider[\"registry.terraform.io/hashicorp/aws\"]",
      "instances": [
        {
          "schema_version": 1,
          "attributes": {
            "ami": "ami-01b996646377b6619",
            "arn": "arn:aws:ec2:us-east-1:019168941151:instance/i-0aca31ebb880e0db6",
            "associate_public_ip_address": true,
            "availability_zone": "us-east-1c",
            "capacity_reservation_specification": [
              {
                "capacity_reservation_preference": "open",
                "capacity_reservation_target": []
              }
            ],
            "cpu_core_count": 1,
            "cpu_options": [
              {
                "amd_sev_snp": "",
                "core_count": 1,
                "threads_per_core": 1
              }
            ],
            "cpu_threads_per_core": 1,
            "credit_specification": [
              {
                "cpu_credits": "standard"
              }
            ],
            "disable_api_stop": false,
            "disable_api_termination": false,
            "ebs_block_device": [],
            "ebs_optimized": false,
            "enclave_options": [
              {
                "enabled": false
              }
            ],
            "ephemeral_block_device": [],
            "get_password_data": false,
            "hibernation": false,
            "host_id": "",
            "host_resource_group_arn": null,
            "iam_instance_profile": "",
            "id": "i-0aca31ebb880e0db6",
            "instance_initiated_shutdown_behavior": "stop",
            "instance_lifecycle": "",
            "instance_market_options": [],
            "instance_state": "running",
            "instance_type": "t2.micro",
            "ipv6_address_count": 0,
            "ipv6_addresses": [],
            "key_name": "mykey",
            "launch_template": [],
            "maintenance_options": [
              {
                "auto_recovery": "default"
              }
            ],
            "metadata_options": [
              {
                "http_endpoint": "enabled",
                "http_protocol_ipv6": "disabled",
                "http_put_response_hop_limit": 1,
                "http_tokens": "optional",
                "instance_metadata_tags": "disabled"
              }
            ],
            "monitoring": false,
            "network_interface": [],
            "outpost_arn": "",
            "password_data": "",
            "placement_group": "",
            "placement_partition_number": 0,
            "primary_network_interface_id": "eni-0e5070b90ef9b632f",
            "private_dns": "ip-172-31-95-135.ec2.internal",
            "private_dns_name_options": [
              {
                "enable_resource_name_dns_a_record": false,
                "enable_resource_name_dns_aaaa_record": false,
                "hostname_type": "ip-name"
              }
            ],
            "private_ip": "172.31.95.135",
            "public_dns": "ec2-3-93-147-185.compute-1.amazonaws.com",
            "public_ip": "3.93.147.185",
            "root_block_device": [
              {
                "delete_on_termination": true,
                "device_name": "/dev/sda1",
                "encrypted": false,
                "iops": 100,
                "kms_key_id": "",
                "tags": {},
                "throughput": 0,
                "volume_id": "vol-0eb344e9572c585bf",
                "volume_size": 8,
                "volume_type": "gp2"
              }
            ],
            "secondary_private_ips": [],
            "security_groups": [
              "default"
            ],
            "source_dest_check": true,
            "spot_instance_request_id": "",
            "subnet_id": "subnet-0f6902dcf115a2887",
            "tags": null,
            "tags_all": {},
            "tenancy": "default",
            "timeouts": null,
            "user_data": null,
            "user_data_base64": null,
            "user_data_replace_on_change": false,
            "volume_tags": null,
            "vpc_security_group_ids": [
              "sg-060ff63555b4e2ac3"
            ]
          },
          "sensitive_attributes": [],
          "private": "eyJlMmJmYjczMC1lY2FhLTExZTYtOGY4OC0zNDM2M2JjN2M0YzAiOnsiY3JlYXRlIjo2MDAwMDAwMDAwMDAsImRlbGV0ZSI6MTIwMDAwMDAwMDAwMCwidXBkYXRlIjo2MDAwMDAwMDAwMDB9LCJzY2hlbWFfdmVyc2lvbiI6IjEifQ==",
          "dependencies": [
            "module.webServer.aws_key_pair.key-tf"
          ]
        }
      ]
    },
    {
      "module": "module.webServer",
      "mode": "managed",
      "type": "aws_key_pair",
      "name": "key-tf",
      "provider": "provider[\"registry.terraform.io/hashicorp/aws\"]",
      "instances": [
        {
          "schema_version": 1,
          "attributes": {
            "arn": "arn:aws:ec2:us-east-1:019168941151:key-pair/mykey",
            "fingerprint": "1a:0c:86:cb:11:e9:9c:f1:38:8e:70:2d:38:82:f3:27",
            "id": "mykey",
            "key_name": "mykey",
            "key_name_prefix": "",
            "key_pair_id": "key-0ecbf9a0e179aca59",
            "key_type": "rsa",
            "public_key": "ssh-rsa AAAAB3NzaC1yc2EAAAADAQABAAABgQCYkp2qh0DTzle75FWHOc6OACdefbBYdGDlNlTbgoeNW+ZcGRba019RQGV4uKtesFadwZdnTwur3gXiyyplm+B1t6Q5QPyz7fFodwO8u0//be87TbWLshN6a5u5/hX1s/q2fKk648TDG3vZ/PW8gYHhrNHj6/OHheZhZiTL/9/0ncLVnYiOD4QNmcdq020XIXF4Y9o5FjGAP7yYPVy6cw47/E5D7mljuMM5je9fTyvPkBW1mlBixwpIIDxHZKRiWeIm5pZD55QioeE8BGLqzws/xH1jLndY7zPnMKu2lB06hdkfsA52LqUsSFK39yeYYPnH7JZLs9roCM8tbwOis4QZFt+nP/0qe1wLvOJR06tZ1oegZJpPq9mv23HKDOLdOZEEtuTQUr+LVGsy7SB83/wececjJxu6T9p9Sdq2OSX8xor9lx1DnQ6ZqTPg6Qf+y6udOC22f4ToOziwi+4GgXxPohd+c8D6F25QJu+ByjjXHr/K9HaPhwNZ88efRKb5kt0= hmza@ubuntu",
            "tags": null,
            "tags_all": {}
          },
          "sensitive_attributes": [],
          "private": "eyJzY2hlbWFfdmVyc2lvbiI6IjEifQ=="
        }
      ]
    }
  ],
  "check_results": null
}
